
Microsoft Visual Studio Solution File, Format Version 12.00
# Visual Studio 2012
Project("{FAE04EC0-301F-11D3-BF4B-00C04F79EFBC}") = "DinPayC", "DinPayC\DinPayC.csproj", "{4D760513-F9B2-4259-8AE1-45F09A7C14BE}"
EndProject
Global
	GlobalSection(SolutionConfigurationPlatforms) = preSolution
		Debug|Any CPU = Debug|Any CPU
		Release|Any CPU = Release|Any CPU
	EndGlobalSection
	GlobalSection(ProjectConfigurationPlatforms) = postSolution
		{4D760513-F9B2-4259-8AE1-45F09A7C14BE}.Debug|Any CPU.ActiveCfg = Debug|Any CPU
		{4D760513-F9B2-4259-8AE1-45F09A7C14BE}.Debug|Any CPU.Build.0 = Debug|Any CPU
		{4D760513-F9B2-4259-8AE1-45F09A7C14BE}.Release|Any CPU.ActiveCfg = Release|Any CPU
		{4D760513-F9B2-4259-8AE1-45F09A7C14BE}.Release|Any CPU.Build.0 = Release|Any CPU
	EndGlobalSection
	GlobalSection(SolutionProperties) = preSolution
		HideSolutionNode = FALSE
	EndGlobalSection
EndGlobal
